// !$*UTF8*$!
{
	archiveVersion = 1;
	classes = {
	};
	objectVersion = 56;
	objects = {

/* Begin PBXBuildFile section */
		356FF03C2C4A89F1005A078C /* TimeLineView.swift in Sources */ = {isa = PBXBuildFile; fileRef = 356FF03B2C4A89F0005A078C /* TimeLineView.swift */; };
		57A98F082C3CCAB600863BC6 /* TIGApp.swift in Sources */ = {isa = PBXBuildFile; fileRef = 57A98F072C3CCAB600863BC6 /* TIGApp.swift */; };
		57A98F0A2C3CCAB600863BC6 /* OnboardingView.swift in Sources */ = {isa = PBXBuildFile; fileRef = 57A98F092C3CCAB600863BC6 /* OnboardingView.swift */; };
		57A98F0E2C3CCAB800863BC6 /* Assets.xcassets in Resources */ = {isa = PBXBuildFile; fileRef = 57A98F0D2C3CCAB800863BC6 /* Assets.xcassets */; };
		57A98F112C3CCAB800863BC6 /* Preview Assets.xcassets in Resources */ = {isa = PBXBuildFile; fileRef = 57A98F102C3CCAB800863BC6 /* Preview Assets.xcassets */; };
		57A98F202C3CD4D000863BC6 /* PersistenceRepository.swift in Sources */ = {isa = PBXBuildFile; fileRef = 57A98F1F2C3CD4D000863BC6 /* PersistenceRepository.swift */; };
		57A98F222C3CD4FA00863BC6 /* Colors.xcassets in Resources */ = {isa = PBXBuildFile; fileRef = 57A98F212C3CD4FA00863BC6 /* Colors.xcassets */; };
		57A98F242C3CD51300863BC6 /* SwiftDataStorage.swift in Sources */ = {isa = PBXBuildFile; fileRef = 57A98F232C3CD51300863BC6 /* SwiftDataStorage.swift */; };
		57A98F272C3CDAB600863BC6 /* TestModel.swift in Sources */ = {isa = PBXBuildFile; fileRef = 57A98F262C3CDAB600863BC6 /* TestModel.swift */; };
		57A98F292C3CDABD00863BC6 /* TestUseCase.swift in Sources */ = {isa = PBXBuildFile; fileRef = 57A98F282C3CDABD00863BC6 /* TestUseCase.swift */; };
		57A98F362C3CDCF100863BC6 /* Pretendard-ExtraBold.otf in Resources */ = {isa = PBXBuildFile; fileRef = 57A98F2D2C3CDCF000863BC6 /* Pretendard-ExtraBold.otf */; };
		57A98F372C3CDCF100863BC6 /* Pretendard-Medium.otf in Resources */ = {isa = PBXBuildFile; fileRef = 57A98F2E2C3CDCF000863BC6 /* Pretendard-Medium.otf */; };
		57A98F382C3CDCF100863BC6 /* Pretendard-Black.otf in Resources */ = {isa = PBXBuildFile; fileRef = 57A98F2F2C3CDCF000863BC6 /* Pretendard-Black.otf */; };
		57A98F392C3CDCF100863BC6 /* Pretendard-Bold.otf in Resources */ = {isa = PBXBuildFile; fileRef = 57A98F302C3CDCF000863BC6 /* Pretendard-Bold.otf */; };
		57A98F3A2C3CDCF100863BC6 /* Pretendard-SemiBold.otf in Resources */ = {isa = PBXBuildFile; fileRef = 57A98F312C3CDCF000863BC6 /* Pretendard-SemiBold.otf */; };
		57A98F3B2C3CDCF100863BC6 /* Pretendard-ExtraLight.otf in Resources */ = {isa = PBXBuildFile; fileRef = 57A98F322C3CDCF000863BC6 /* Pretendard-ExtraLight.otf */; };
		57A98F3C2C3CDCF100863BC6 /* Pretendard-Regular.otf in Resources */ = {isa = PBXBuildFile; fileRef = 57A98F332C3CDCF000863BC6 /* Pretendard-Regular.otf */; };
		57A98F3D2C3CDCF100863BC6 /* Pretendard-Thin.otf in Resources */ = {isa = PBXBuildFile; fileRef = 57A98F342C3CDCF100863BC6 /* Pretendard-Thin.otf */; };
		57A98F3E2C3CDCF100863BC6 /* Pretendard-Light.otf in Resources */ = {isa = PBXBuildFile; fileRef = 57A98F352C3CDCF100863BC6 /* Pretendard-Light.otf */; };
		57A98F422C3CE0FB00863BC6 /* AppFont.swift in Sources */ = {isa = PBXBuildFile; fileRef = 57A98F412C3CE0FB00863BC6 /* AppFont.swift */; };
		57A98F442C3CE11D00863BC6 /* AppColor.swift in Sources */ = {isa = PBXBuildFile; fileRef = 57A98F432C3CE11D00863BC6 /* AppColor.swift */; };
		57A98F462C3CF49800863BC6 /* Date+Ext.swift in Sources */ = {isa = PBXBuildFile; fileRef = 57A98F452C3CF49800863BC6 /* Date+Ext.swift */; };
/* End PBXBuildFile section */

/* Begin PBXFileReference section */
		356FF03B2C4A89F0005A078C /* TimeLineView.swift */ = {isa = PBXFileReference; lastKnownFileType = sourcecode.swift; path = TimeLineView.swift; sourceTree = "<group>"; };
		57A98F042C3CCAB600863BC6 /* TIG.app */ = {isa = PBXFileReference; explicitFileType = wrapper.application; includeInIndex = 0; path = TIG.app; sourceTree = BUILT_PRODUCTS_DIR; };
		57A98F072C3CCAB600863BC6 /* TIGApp.swift */ = {isa = PBXFileReference; lastKnownFileType = sourcecode.swift; path = TIGApp.swift; sourceTree = "<group>"; };
		57A98F092C3CCAB600863BC6 /* OnboardingView.swift */ = {isa = PBXFileReference; lastKnownFileType = sourcecode.swift; path = OnboardingView.swift; sourceTree = "<group>"; };
		57A98F0D2C3CCAB800863BC6 /* Assets.xcassets */ = {isa = PBXFileReference; lastKnownFileType = folder.assetcatalog; path = Assets.xcassets; sourceTree = "<group>"; };
		57A98F102C3CCAB800863BC6 /* Preview Assets.xcassets */ = {isa = PBXFileReference; lastKnownFileType = folder.assetcatalog; path = "Preview Assets.xcassets"; sourceTree = "<group>"; };
		57A98F1F2C3CD4D000863BC6 /* PersistenceRepository.swift */ = {isa = PBXFileReference; lastKnownFileType = sourcecode.swift; path = PersistenceRepository.swift; sourceTree = "<group>"; };
		57A98F212C3CD4FA00863BC6 /* Colors.xcassets */ = {isa = PBXFileReference; lastKnownFileType = folder.assetcatalog; path = Colors.xcassets; sourceTree = "<group>"; };
		57A98F232C3CD51300863BC6 /* SwiftDataStorage.swift */ = {isa = PBXFileReference; lastKnownFileType = sourcecode.swift; path = SwiftDataStorage.swift; sourceTree = "<group>"; };
		57A98F262C3CDAB600863BC6 /* TestModel.swift */ = {isa = PBXFileReference; lastKnownFileType = sourcecode.swift; path = TestModel.swift; sourceTree = "<group>"; };
		57A98F282C3CDABD00863BC6 /* TestUseCase.swift */ = {isa = PBXFileReference; lastKnownFileType = sourcecode.swift; path = TestUseCase.swift; sourceTree = "<group>"; };
		57A98F2D2C3CDCF000863BC6 /* Pretendard-ExtraBold.otf */ = {isa = PBXFileReference; lastKnownFileType = file; path = "Pretendard-ExtraBold.otf"; sourceTree = "<group>"; };
		57A98F2E2C3CDCF000863BC6 /* Pretendard-Medium.otf */ = {isa = PBXFileReference; lastKnownFileType = file; path = "Pretendard-Medium.otf"; sourceTree = "<group>"; };
		57A98F2F2C3CDCF000863BC6 /* Pretendard-Black.otf */ = {isa = PBXFileReference; lastKnownFileType = file; path = "Pretendard-Black.otf"; sourceTree = "<group>"; };
		57A98F302C3CDCF000863BC6 /* Pretendard-Bold.otf */ = {isa = PBXFileReference; lastKnownFileType = file; path = "Pretendard-Bold.otf"; sourceTree = "<group>"; };
		57A98F312C3CDCF000863BC6 /* Pretendard-SemiBold.otf */ = {isa = PBXFileReference; lastKnownFileType = file; path = "Pretendard-SemiBold.otf"; sourceTree = "<group>"; };
		57A98F322C3CDCF000863BC6 /* Pretendard-ExtraLight.otf */ = {isa = PBXFileReference; lastKnownFileType = file; path = "Pretendard-ExtraLight.otf"; sourceTree = "<group>"; };
		57A98F332C3CDCF000863BC6 /* Pretendard-Regular.otf */ = {isa = PBXFileReference; lastKnownFileType = file; path = "Pretendard-Regular.otf"; sourceTree = "<group>"; };
		57A98F342C3CDCF100863BC6 /* Pretendard-Thin.otf */ = {isa = PBXFileReference; lastKnownFileType = file; path = "Pretendard-Thin.otf"; sourceTree = "<group>"; };
		57A98F352C3CDCF100863BC6 /* Pretendard-Light.otf */ = {isa = PBXFileReference; lastKnownFileType = file; path = "Pretendard-Light.otf"; sourceTree = "<group>"; };
		57A98F3F2C3CDFF900863BC6 /* Info.plist */ = {isa = PBXFileReference; lastKnownFileType = text.plist.xml; path = Info.plist; sourceTree = "<group>"; };
		57A98F412C3CE0FB00863BC6 /* AppFont.swift */ = {isa = PBXFileReference; lastKnownFileType = sourcecode.swift; path = AppFont.swift; sourceTree = "<group>"; };
		57A98F432C3CE11D00863BC6 /* AppColor.swift */ = {isa = PBXFileReference; lastKnownFileType = sourcecode.swift; path = AppColor.swift; sourceTree = "<group>"; };
		57A98F452C3CF49800863BC6 /* Date+Ext.swift */ = {isa = PBXFileReference; lastKnownFileType = sourcecode.swift; path = "Date+Ext.swift"; sourceTree = "<group>"; };
/* End PBXFileReference section */

/* Begin PBXFrameworksBuildPhase section */
		57A98F012C3CCAB600863BC6 /* Frameworks */ = {
			isa = PBXFrameworksBuildPhase;
			buildActionMask = 2147483647;
			files = (
			);
			runOnlyForDeploymentPostprocessing = 0;
		};
/* End PBXFrameworksBuildPhase section */

/* Begin PBXGroup section */
		57A98EFB2C3CCAB600863BC6 = {
			isa = PBXGroup;
			children = (
				57A98F062C3CCAB600863BC6 /* TIG */,
				57A98F052C3CCAB600863BC6 /* Products */,
			);
			sourceTree = "<group>";
		};
		57A98F052C3CCAB600863BC6 /* Products */ = {
			isa = PBXGroup;
			children = (
				57A98F042C3CCAB600863BC6 /* TIG.app */,
			);
			name = Products;
			sourceTree = "<group>";
		};
		57A98F062C3CCAB600863BC6 /* TIG */ = {
			isa = PBXGroup;
			children = (
				57A98F172C3CD3DF00863BC6 /* App */,
				57A98F1A2C3CD41100863BC6 /* Data */,
				57A98F192C3CD40C00863BC6 /* Domain */,
				57A98F182C3CD3FA00863BC6 /* Presentaion */,
				57A98F2A2C3CDAD600863BC6 /* Util */,
				57A98F1B2C3CD41A00863BC6 /* Resource */,
				57A98F0F2C3CCAB800863BC6 /* Preview Content */,
			);
			path = TIG;
			sourceTree = "<group>";
		};
		57A98F0F2C3CCAB800863BC6 /* Preview Content */ = {
			isa = PBXGroup;
			children = (
				57A98F102C3CCAB800863BC6 /* Preview Assets.xcassets */,
			);
			path = "Preview Content";
			sourceTree = "<group>";
		};
		57A98F172C3CD3DF00863BC6 /* App */ = {
			isa = PBXGroup;
			children = (
				57A98F072C3CCAB600863BC6 /* TIGApp.swift */,
				57A98F3F2C3CDFF900863BC6 /* Info.plist */,
			);
			path = App;
			sourceTree = "<group>";
		};
		57A98F182C3CD3FA00863BC6 /* Presentaion */ = {
			isa = PBXGroup;
			children = (
				57A98F252C3CD9A100863BC6 /* Onboarding */,
				356FF03B2C4A89F0005A078C /* TimeLineView.swift */,
			);
			path = Presentaion;
			sourceTree = "<group>";
		};
		57A98F192C3CD40C00863BC6 /* Domain */ = {
			isa = PBXGroup;
			children = (
				57A98F1E2C3CD46D00863BC6 /* Entitiy */,
				57A98F1D2C3CD46800863BC6 /* UseCase */,
				57A98F1C2C3CD43100863BC6 /* Interface */,
			);
			path = Domain;
			sourceTree = "<group>";
		};
		57A98F1A2C3CD41100863BC6 /* Data */ = {
			isa = PBXGroup;
			children = (
				57A98F232C3CD51300863BC6 /* SwiftDataStorage.swift */,
			);
			path = Data;
			sourceTree = "<group>";
		};
		57A98F1B2C3CD41A00863BC6 /* Resource */ = {
			isa = PBXGroup;
			children = (
				57A98F2C2C3CDC8900863BC6 /* Font */,
				57A98F0D2C3CCAB800863BC6 /* Assets.xcassets */,
				57A98F212C3CD4FA00863BC6 /* Colors.xcassets */,
			);
			path = Resource;
			sourceTree = "<group>";
		};
		57A98F1C2C3CD43100863BC6 /* Interface */ = {
			isa = PBXGroup;
			children = (
				57A98F1F2C3CD4D000863BC6 /* PersistenceRepository.swift */,
			);
			path = Interface;
			sourceTree = "<group>";
		};
		57A98F1D2C3CD46800863BC6 /* UseCase */ = {
			isa = PBXGroup;
			children = (
				57A98F282C3CDABD00863BC6 /* TestUseCase.swift */,
			);
			path = UseCase;
			sourceTree = "<group>";
		};
		57A98F1E2C3CD46D00863BC6 /* Entitiy */ = {
			isa = PBXGroup;
			children = (
				57A98F262C3CDAB600863BC6 /* TestModel.swift */,
			);
			path = Entitiy;
			sourceTree = "<group>";
		};
		57A98F252C3CD9A100863BC6 /* Onboarding */ = {
			isa = PBXGroup;
			children = (
				57A98F092C3CCAB600863BC6 /* OnboardingView.swift */,
			);
			path = Onboarding;
			sourceTree = "<group>";
		};
		57A98F2A2C3CDAD600863BC6 /* Util */ = {
			isa = PBXGroup;
			children = (
				57A98F402C3CE0F200863BC6 /* Constant */,
				57A98F2B2C3CDADF00863BC6 /* Extension */,
			);
			path = Util;
			sourceTree = "<group>";
		};
		57A98F2B2C3CDADF00863BC6 /* Extension */ = {
			isa = PBXGroup;
			children = (
				57A98F452C3CF49800863BC6 /* Date+Ext.swift */,
			);
			path = Extension;
			sourceTree = "<group>";
		};
		57A98F2C2C3CDC8900863BC6 /* Font */ = {
			isa = PBXGroup;
			children = (
				57A98F2F2C3CDCF000863BC6 /* Pretendard-Black.otf */,
				57A98F302C3CDCF000863BC6 /* Pretendard-Bold.otf */,
				57A98F2D2C3CDCF000863BC6 /* Pretendard-ExtraBold.otf */,
				57A98F322C3CDCF000863BC6 /* Pretendard-ExtraLight.otf */,
				57A98F352C3CDCF100863BC6 /* Pretendard-Light.otf */,
				57A98F2E2C3CDCF000863BC6 /* Pretendard-Medium.otf */,
				57A98F332C3CDCF000863BC6 /* Pretendard-Regular.otf */,
				57A98F312C3CDCF000863BC6 /* Pretendard-SemiBold.otf */,
				57A98F342C3CDCF100863BC6 /* Pretendard-Thin.otf */,
			);
			path = Font;
			sourceTree = "<group>";
		};
		57A98F402C3CE0F200863BC6 /* Constant */ = {
			isa = PBXGroup;
			children = (
				57A98F412C3CE0FB00863BC6 /* AppFont.swift */,
				57A98F432C3CE11D00863BC6 /* AppColor.swift */,
			);
			path = Constant;
			sourceTree = "<group>";
		};
/* End PBXGroup section */

/* Begin PBXNativeTarget section */
		57A98F032C3CCAB600863BC6 /* TIG */ = {
			isa = PBXNativeTarget;
			buildConfigurationList = 57A98F142C3CCAB800863BC6 /* Build configuration list for PBXNativeTarget "TIG" */;
			buildPhases = (
				57A98F002C3CCAB600863BC6 /* Sources */,
				57A98F012C3CCAB600863BC6 /* Frameworks */,
				57A98F022C3CCAB600863BC6 /* Resources */,
			);
			buildRules = (
			);
			dependencies = (
			);
			name = TIG;
			productName = TIG;
			productReference = 57A98F042C3CCAB600863BC6 /* TIG.app */;
			productType = "com.apple.product-type.application";
		};
/* End PBXNativeTarget section */

/* Begin PBXProject section */
		57A98EFC2C3CCAB600863BC6 /* Project object */ = {
			isa = PBXProject;
			attributes = {
				BuildIndependentTargetsInParallel = 1;
				LastSwiftUpdateCheck = 1540;
				LastUpgradeCheck = 1540;
				TargetAttributes = {
					57A98F032C3CCAB600863BC6 = {
						CreatedOnToolsVersion = 15.4;
					};
				};
			};
			buildConfigurationList = 57A98EFF2C3CCAB600863BC6 /* Build configuration list for PBXProject "TIG" */;
			compatibilityVersion = "Xcode 14.0";
			developmentRegion = en;
			hasScannedForEncodings = 0;
			knownRegions = (
				en,
				Base,
			);
			mainGroup = 57A98EFB2C3CCAB600863BC6;
			productRefGroup = 57A98F052C3CCAB600863BC6 /* Products */;
			projectDirPath = "";
			projectRoot = "";
			targets = (
				57A98F032C3CCAB600863BC6 /* TIG */,
			);
		};
/* End PBXProject section */

/* Begin PBXResourcesBuildPhase section */
		57A98F022C3CCAB600863BC6 /* Resources */ = {
			isa = PBXResourcesBuildPhase;
			buildActionMask = 2147483647;
			files = (
				57A98F3B2C3CDCF100863BC6 /* Pretendard-ExtraLight.otf in Resources */,
				57A98F112C3CCAB800863BC6 /* Preview Assets.xcassets in Resources */,
				57A98F372C3CDCF100863BC6 /* Pretendard-Medium.otf in Resources */,
				57A98F392C3CDCF100863BC6 /* Pretendard-Bold.otf in Resources */,
				57A98F3A2C3CDCF100863BC6 /* Pretendard-SemiBold.otf in Resources */,
				57A98F3E2C3CDCF100863BC6 /* Pretendard-Light.otf in Resources */,
				57A98F0E2C3CCAB800863BC6 /* Assets.xcassets in Resources */,
				57A98F362C3CDCF100863BC6 /* Pretendard-ExtraBold.otf in Resources */,
				57A98F3C2C3CDCF100863BC6 /* Pretendard-Regular.otf in Resources */,
				57A98F382C3CDCF100863BC6 /* Pretendard-Black.otf in Resources */,
				57A98F3D2C3CDCF100863BC6 /* Pretendard-Thin.otf in Resources */,
				57A98F222C3CD4FA00863BC6 /* Colors.xcassets in Resources */,
			);
			runOnlyForDeploymentPostprocessing = 0;
		};
/* End PBXResourcesBuildPhase section */

/* Begin PBXSourcesBuildPhase section */
		57A98F002C3CCAB600863BC6 /* Sources */ = {
			isa = PBXSourcesBuildPhase;
			buildActionMask = 2147483647;
			files = (
				57A98F0A2C3CCAB600863BC6 /* OnboardingView.swift in Sources */,
				57A98F442C3CE11D00863BC6 /* AppColor.swift in Sources */,
				57A98F292C3CDABD00863BC6 /* TestUseCase.swift in Sources */,
				57A98F422C3CE0FB00863BC6 /* AppFont.swift in Sources */,
				57A98F242C3CD51300863BC6 /* SwiftDataStorage.swift in Sources */,
				57A98F462C3CF49800863BC6 /* Date+Ext.swift in Sources */,
				57A98F272C3CDAB600863BC6 /* TestModel.swift in Sources */,
				57A98F202C3CD4D000863BC6 /* PersistenceRepository.swift in Sources */,
				57A98F082C3CCAB600863BC6 /* TIGApp.swift in Sources */,
				356FF03C2C4A89F1005A078C /* TimeLineView.swift in Sources */,
			);
			runOnlyForDeploymentPostprocessing = 0;
		};
/* End PBXSourcesBuildPhase section */

/* Begin XCBuildConfiguration section */
		57A98F122C3CCAB800863BC6 /* Debug */ = {
			isa = XCBuildConfiguration;
			buildSettings = {
				ALWAYS_SEARCH_USER_PATHS = NO;
				ASSETCATALOG_COMPILER_GENERATE_SWIFT_ASSET_SYMBOL_EXTENSIONS = YES;
				CLANG_ANALYZER_NONNULL = YES;
				CLANG_ANALYZER_NUMBER_OBJECT_CONVERSION = YES_AGGRESSIVE;
				CLANG_CXX_LANGUAGE_STANDARD = "gnu++20";
				CLANG_ENABLE_MODULES = YES;
				CLANG_ENABLE_OBJC_ARC = YES;
				CLANG_ENABLE_OBJC_WEAK = YES;
				CLANG_WARN_BLOCK_CAPTURE_AUTORELEASING = YES;
				CLANG_WARN_BOOL_CONVERSION = YES;
				CLANG_WARN_COMMA = YES;
				CLANG_WARN_CONSTANT_CONVERSION = YES;
				CLANG_WARN_DEPRECATED_OBJC_IMPLEMENTATIONS = YES;
				CLANG_WARN_DIRECT_OBJC_ISA_USAGE = YES_ERROR;
				CLANG_WARN_DOCUMENTATION_COMMENTS = YES;
				CLANG_WARN_EMPTY_BODY = YES;
				CLANG_WARN_ENUM_CONVERSION = YES;
				CLANG_WARN_INFINITE_RECURSION = YES;
				CLANG_WARN_INT_CONVERSION = YES;
				CLANG_WARN_NON_LITERAL_NULL_CONVERSION = YES;
				CLANG_WARN_OBJC_IMPLICIT_RETAIN_SELF = YES;
				CLANG_WARN_OBJC_LITERAL_CONVERSION = YES;
				CLANG_WARN_OBJC_ROOT_CLASS = YES_ERROR;
				CLANG_WARN_QUOTED_INCLUDE_IN_FRAMEWORK_HEADER = YES;
				CLANG_WARN_RANGE_LOOP_ANALYSIS = YES;
				CLANG_WARN_STRICT_PROTOTYPES = YES;
				CLANG_WARN_SUSPICIOUS_MOVE = YES;
				CLANG_WARN_UNGUARDED_AVAILABILITY = YES_AGGRESSIVE;
				CLANG_WARN_UNREACHABLE_CODE = YES;
				CLANG_WARN__DUPLICATE_METHOD_MATCH = YES;
				COPY_PHASE_STRIP = NO;
				DEBUG_INFORMATION_FORMAT = dwarf;
				ENABLE_STRICT_OBJC_MSGSEND = YES;
				ENABLE_TESTABILITY = YES;
				ENABLE_USER_SCRIPT_SANDBOXING = YES;
				GCC_C_LANGUAGE_STANDARD = gnu17;
				GCC_DYNAMIC_NO_PIC = NO;
				GCC_NO_COMMON_BLOCKS = YES;
				GCC_OPTIMIZATION_LEVEL = 0;
				GCC_PREPROCESSOR_DEFINITIONS = (
					"DEBUG=1",
					"$(inherited)",
				);
				GCC_WARN_64_TO_32_BIT_CONVERSION = YES;
				GCC_WARN_ABOUT_RETURN_TYPE = YES_ERROR;
				GCC_WARN_UNDECLARED_SELECTOR = YES;
				GCC_WARN_UNINITIALIZED_AUTOS = YES_AGGRESSIVE;
				GCC_WARN_UNUSED_FUNCTION = YES;
				GCC_WARN_UNUSED_VARIABLE = YES;
				IPHONEOS_DEPLOYMENT_TARGET = 17.5;
				LOCALIZATION_PREFERS_STRING_CATALOGS = YES;
				MTL_ENABLE_DEBUG_INFO = INCLUDE_SOURCE;
				MTL_FAST_MATH = YES;
				ONLY_ACTIVE_ARCH = YES;
				SDKROOT = iphoneos;
				SWIFT_ACTIVE_COMPILATION_CONDITIONS = "DEBUG $(inherited)";
				SWIFT_OPTIMIZATION_LEVEL = "-Onone";
			};
			name = Debug;
		};
		57A98F132C3CCAB800863BC6 /* Release */ = {
			isa = XCBuildConfiguration;
			buildSettings = {
				ALWAYS_SEARCH_USER_PATHS = NO;
				ASSETCATALOG_COMPILER_GENERATE_SWIFT_ASSET_SYMBOL_EXTENSIONS = YES;
				CLANG_ANALYZER_NONNULL = YES;
				CLANG_ANALYZER_NUMBER_OBJECT_CONVERSION = YES_AGGRESSIVE;
				CLANG_CXX_LANGUAGE_STANDARD = "gnu++20";
				CLANG_ENABLE_MODULES = YES;
				CLANG_ENABLE_OBJC_ARC = YES;
				CLANG_ENABLE_OBJC_WEAK = YES;
				CLANG_WARN_BLOCK_CAPTURE_AUTORELEASING = YES;
				CLANG_WARN_BOOL_CONVERSION = YES;
				CLANG_WARN_COMMA = YES;
				CLANG_WARN_CONSTANT_CONVERSION = YES;
				CLANG_WARN_DEPRECATED_OBJC_IMPLEMENTATIONS = YES;
				CLANG_WARN_DIRECT_OBJC_ISA_USAGE = YES_ERROR;
				CLANG_WARN_DOCUMENTATION_COMMENTS = YES;
				CLANG_WARN_EMPTY_BODY = YES;
				CLANG_WARN_ENUM_CONVERSION = YES;
				CLANG_WARN_INFINITE_RECURSION = YES;
				CLANG_WARN_INT_CONVERSION = YES;
				CLANG_WARN_NON_LITERAL_NULL_CONVERSION = YES;
				CLANG_WARN_OBJC_IMPLICIT_RETAIN_SELF = YES;
				CLANG_WARN_OBJC_LITERAL_CONVERSION = YES;
				CLANG_WARN_OBJC_ROOT_CLASS = YES_ERROR;
				CLANG_WARN_QUOTED_INCLUDE_IN_FRAMEWORK_HEADER = YES;
				CLANG_WARN_RANGE_LOOP_ANALYSIS = YES;
				CLANG_WARN_STRICT_PROTOTYPES = YES;
				CLANG_WARN_SUSPICIOUS_MOVE = YES;
				CLANG_WARN_UNGUARDED_AVAILABILITY = YES_AGGRESSIVE;
				CLANG_WARN_UNREACHABLE_CODE = YES;
				CLANG_WARN__DUPLICATE_METHOD_MATCH = YES;
				COPY_PHASE_STRIP = NO;
				DEBUG_INFORMATION_FORMAT = "dwarf-with-dsym";
				ENABLE_NS_ASSERTIONS = NO;
				ENABLE_STRICT_OBJC_MSGSEND = YES;
				ENABLE_USER_SCRIPT_SANDBOXING = YES;
				GCC_C_LANGUAGE_STANDARD = gnu17;
				GCC_NO_COMMON_BLOCKS = YES;
				GCC_WARN_64_TO_32_BIT_CONVERSION = YES;
				GCC_WARN_ABOUT_RETURN_TYPE = YES_ERROR;
				GCC_WARN_UNDECLARED_SELECTOR = YES;
				GCC_WARN_UNINITIALIZED_AUTOS = YES_AGGRESSIVE;
				GCC_WARN_UNUSED_FUNCTION = YES;
				GCC_WARN_UNUSED_VARIABLE = YES;
				IPHONEOS_DEPLOYMENT_TARGET = 17.5;
				LOCALIZATION_PREFERS_STRING_CATALOGS = YES;
				MTL_ENABLE_DEBUG_INFO = NO;
				MTL_FAST_MATH = YES;
				SDKROOT = iphoneos;
				SWIFT_COMPILATION_MODE = wholemodule;
				VALIDATE_PRODUCT = YES;
			};
			name = Release;
		};
		57A98F152C3CCAB800863BC6 /* Debug */ = {
			isa = XCBuildConfiguration;
			buildSettings = {
				ASSETCATALOG_COMPILER_APPICON_NAME = AppIcon;
				ASSETCATALOG_COMPILER_GLOBAL_ACCENT_COLOR_NAME = AccentColor;
				CODE_SIGN_STYLE = Automatic;
				CURRENT_PROJECT_VERSION = 1;
				DEVELOPMENT_ASSET_PATHS = "\"TIG/Preview Content\"";
				DEVELOPMENT_TEAM = 5DFZR8RCQR;
				ENABLE_PREVIEWS = YES;
				GENERATE_INFOPLIST_FILE = YES;
				INFOPLIST_FILE = TIG/App/Info.plist;
				INFOPLIST_KEY_UIApplicationSceneManifest_Generation = YES;
				INFOPLIST_KEY_UIApplicationSupportsIndirectInputEvents = YES;
				INFOPLIST_KEY_UILaunchScreen_Generation = YES;
				INFOPLIST_KEY_UISupportedInterfaceOrientations = UIInterfaceOrientationPortrait;
				INFOPLIST_KEY_UISupportedInterfaceOrientations_iPad = "UIInterfaceOrientationPortrait UIInterfaceOrientationPortraitUpsideDown";
				IPHONEOS_DEPLOYMENT_TARGET = 17.0;
				LD_RUNPATH_SEARCH_PATHS = (
					"$(inherited)",
					"@executable_path/Frameworks",
				);
				MARKETING_VERSION = 1.0;
				PRODUCT_BUNDLE_IDENTIFIER = com.zerosugar.academy.developer.ios.apple.TIG;
				PRODUCT_NAME = "$(TARGET_NAME)";
				SUPPORTED_PLATFORMS = "iphoneos iphonesimulator";
				SUPPORTS_MACCATALYST = NO;
				SUPPORTS_MAC_DESIGNED_FOR_IPHONE_IPAD = NO;
				SUPPORTS_XR_DESIGNED_FOR_IPHONE_IPAD = NO;
				SWIFT_EMIT_LOC_STRINGS = YES;
				SWIFT_VERSION = 5.0;
				TARGETED_DEVICE_FAMILY = "1,2";
			};
			name = Debug;
		};
		57A98F162C3CCAB800863BC6 /* Release */ = {
			isa = XCBuildConfiguration;
			buildSettings = {
				ASSETCATALOG_COMPILER_APPICON_NAME = AppIcon;
				ASSETCATALOG_COMPILER_GLOBAL_ACCENT_COLOR_NAME = AccentColor;
				CODE_SIGN_STYLE = Automatic;
				CURRENT_PROJECT_VERSION = 1;
				DEVELOPMENT_ASSET_PATHS = "\"TIG/Preview Content\"";
				DEVELOPMENT_TEAM = 5DFZR8RCQR;
				ENABLE_PREVIEWS = YES;
				GENERATE_INFOPLIST_FILE = YES;
				INFOPLIST_FILE = TIG/App/Info.plist;
				INFOPLIST_KEY_UIApplicationSceneManifest_Generation = YES;
				INFOPLIST_KEY_UIApplicationSupportsIndirectInputEvents = YES;
				INFOPLIST_KEY_UILaunchScreen_Generation = YES;
				INFOPLIST_KEY_UISupportedInterfaceOrientations = UIInterfaceOrientationPortrait;
				INFOPLIST_KEY_UISupportedInterfaceOrientations_iPad = "UIInterfaceOrientationPortrait UIInterfaceOrientationPortraitUpsideDown";
				IPHONEOS_DEPLOYMENT_TARGET = 17.0;
				LD_RUNPATH_SEARCH_PATHS = (
					"$(inherited)",
					"@executable_path/Frameworks",
				);
				MARKETING_VERSION = 1.0;
				PRODUCT_BUNDLE_IDENTIFIER = com.zerosugar.academy.developer.ios.apple.TIG;
				PRODUCT_NAME = "$(TARGET_NAME)";
				SUPPORTED_PLATFORMS = "iphoneos iphonesimulator";
				SUPPORTS_MACCATALYST = NO;
				SUPPORTS_MAC_DESIGNED_FOR_IPHONE_IPAD = NO;
				SUPPORTS_XR_DESIGNED_FOR_IPHONE_IPAD = NO;
				SWIFT_EMIT_LOC_STRINGS = YES;
				SWIFT_VERSION = 5.0;
				TARGETED_DEVICE_FAMILY = "1,2";
			};
			name = Release;
		};
/* End XCBuildConfiguration section */

/* Begin XCConfigurationList section */
		57A98EFF2C3CCAB600863BC6 /* Build configuration list for PBXProject "TIG" */ = {
			isa = XCConfigurationList;
			buildConfigurations = (
				57A98F122C3CCAB800863BC6 /* Debug */,
				57A98F132C3CCAB800863BC6 /* Release */,
			);
			defaultConfigurationIsVisible = 0;
			defaultConfigurationName = Release;
		};
		57A98F142C3CCAB800863BC6 /* Build configuration list for PBXNativeTarget "TIG" */ = {
			isa = XCConfigurationList;
			buildConfigurations = (
				57A98F152C3CCAB800863BC6 /* Debug */,
				57A98F162C3CCAB800863BC6 /* Release */,
			);
			defaultConfigurationIsVisible = 0;
			defaultConfigurationName = Release;
		};
/* End XCConfigurationList section */
	};
	rootObject = 57A98EFC2C3CCAB600863BC6 /* Project object */;
}
